<?xml version="1.0" encoding="UTF-8" standalone="yes" ?>
<CodeBlocks_project_file>
	<FileVersion major="1" minor="6" />
	<Project>
		<Option title="libCabinet" />
		<Option pch_mode="2" />
		<Option compiler="gcc" />
		<Build>
			<Target title="Debug">
				<Option output="bin/Debug/Cabinet" prefix_auto="1" extension_auto="1" />
				<Option working_dir="" />
				<Option object_output="obj/Debug/" />
				<Option type="2" />
				<Option compiler="gcc" />
				<Option createDefFile="1" />
				<Compiler>
					<Add option="-std=c++11" />
					<Add option="-Wall" />
					<Add option="-g" />
					<Add directory="include" />
					<Add directory="../libCabinet" />
				</Compiler>
			</Target>
			<Target title="Release">
				<Option output="bin/Release/Cabinet" prefix_auto="1" extension_auto="1" />
				<Option working_dir="" />
				<Option object_output="obj/Release/" />
				<Option type="2" />
				<Option compiler="gcc" />
				<Option createDefFile="1" />
				<Compiler>
					<Add option="-Wall" />
					<Add option="-O2" />
					<Add directory="include" />
					<Add directory="../libCabinet" />
				</Compiler>
				<Linker>
					<Add option="-s" />
				</Linker>
			</Target>
		</Build>
		<Unit filename="Cabinet.cpp" />
		<Unit filename="Cabinet.h" />
		<Unit filename="CodeCheck.cpp" />
		<Unit filename="CodeCheck.hpp" />
		<Unit filename="CurrentTime.hpp" />
		<Unit filename="HBridgeLock.cpp" />
		<Unit filename="HBridgeLock.hpp" />
		<Unit filename="HTTPPostClient.h" />
		<Unit filename="InputPin.hpp" />
		<Unit filename="LibCurlPostClient.cpp" />
		<Unit filename="LibCurlPostClient.h" />
		<Unit filename="MatrixKeypad.cpp" />
		<Unit filename="MatrixKeypad.hpp" />
		<Unit filename="MatrixKeypadReader.cpp" />
		<Unit filename="MatrixKeypadReader.hpp" />
		<Unit filename="OutputPin.hpp" />
		<Unit filename="Postman.cpp" />
		<Unit filename="Postman.h" />
		<Unit filename="Switch.cpp" />
		<Unit filename="Switch.hpp" />
		<Unit filename="WiringPiPin.cpp" />
		<Unit filename="WiringPiPin.hpp" />
		<Extensions>
			<code_completion />
			<debugger />
		</Extensions>
	</Project>
</CodeBlocks_project_file>
